// !$*UTF8*$!
{
	archiveVersion = 1;
	classes = {
	};
	objectVersion = 55;
	objects = {

/* Begin PBXBuildFile section */
		1D495A292877C77900CE0FBA /* SwiftUITest_ImageApp.swift in Sources */ = {isa = PBXBuildFile; fileRef = 1D495A282877C77900CE0FBA /* SwiftUITest_ImageApp.swift */; };
		1D495A2B2877C77900CE0FBA /* ContentView.swift in Sources */ = {isa = PBXBuildFile; fileRef = 1D495A2A2877C77900CE0FBA /* ContentView.swift */; };
		1D495A2D2877C77A00CE0FBA /* Assets.xcassets in Resources */ = {isa = PBXBuildFile; fileRef = 1D495A2C2877C77A00CE0FBA /* Assets.xcassets */; };
		1D495A302877C77A00CE0FBA /* Preview Assets.xcassets in Resources */ = {isa = PBXBuildFile; fileRef = 1D495A2F2877C77A00CE0FBA /* Preview Assets.xcassets */; };
		1D495A3A2877C77A00CE0FBA /* SwiftUITest_ImageTests.swift in Sources */ = {isa = PBXBuildFile; fileRef = 1D495A392877C77A00CE0FBA /* SwiftUITest_ImageTests.swift */; };
		1D495A442877C77A00CE0FBA /* SwiftUITest_ImageUITests.swift in Sources */ = {isa = PBXBuildFile; fileRef = 1D495A432877C77A00CE0FBA /* SwiftUITest_ImageUITests.swift */; };
		1D495A462877C77A00CE0FBA /* SwiftUITest_ImageUITestsLaunchTests.swift in Sources */ = {isa = PBXBuildFile; fileRef = 1D495A452877C77A00CE0FBA /* SwiftUITest_ImageUITestsLaunchTests.swift */; };
/* End PBXBuildFile section */

/* Begin PBXContainerItemProxy section */
		1D495A362877C77A00CE0FBA /* PBXContainerItemProxy */ = {
			isa = PBXContainerItemProxy;
			containerPortal = 1D495A1D2877C77900CE0FBA /* Project object */;
			proxyType = 1;
			remoteGlobalIDString = 1D495A242877C77900CE0FBA;
			remoteInfo = SwiftUITest_Image;
		};
		1D495A402877C77A00CE0FBA /* PBXContainerItemProxy */ = {
			isa = PBXContainerItemProxy;
			containerPortal = 1D495A1D2877C77900CE0FBA /* Project object */;
			proxyType = 1;
			remoteGlobalIDString = 1D495A242877C77900CE0FBA;
			remoteInfo = SwiftUITest_Image;
		};
/* End PBXContainerItemProxy section */

/* Begin PBXFileReference section */
		1D495A252877C77900CE0FBA /* SwiftUITest_Image.app */ = {isa = PBXFileReference; explicitFileType = wrapper.application; includeInIndex = 0; path = SwiftUITest_Image.app; sourceTree = BUILT_PRODUCTS_DIR; };
		1D495A282877C77900CE0FBA /* SwiftUITest_ImageApp.swift */ = {isa = PBXFileReference; lastKnownFileType = sourcecode.swift; path = SwiftUITest_ImageApp.swift; sourceTree = "<group>"; };
		1D495A2A2877C77900CE0FBA /* ContentView.swift */ = {isa = PBXFileReference; lastKnownFileType = sourcecode.swift; path = ContentView.swift; sourceTree = "<group>"; };
		1D495A2C2877C77A00CE0FBA /* Assets.xcassets */ = {isa = PBXFileReference; lastKnownFileType = folder.assetcatalog; path = Assets.xcassets; sourceTree = "<group>"; };
		1D495A2F2877C77A00CE0FBA /* Preview Assets.xcassets */ = {isa = PBXFileReference; lastKnownFileType = folder.assetcatalog; path = "Preview Assets.xcassets"; sourceTree = "<group>"; };
		1D495A352877C77A00CE0FBA /* SwiftUITest_ImageTests.xctest */ = {isa = PBXFileReference; explicitFileType = wrapper.cfbundle; includeInIndex = 0; path = SwiftUITest_ImageTests.xctest; sourceTree = BUILT_PRODUCTS_DIR; };
		1D495A392877C77A00CE0FBA /* SwiftUITest_ImageTests.swift */ = {isa = PBXFileReference; lastKnownFileType = sourcecode.swift; path = SwiftUITest_ImageTests.swift; sourceTree = "<group>"; };
		1D495A3F2877C77A00CE0FBA /* SwiftUITest_ImageUITests.xctest */ = {isa = PBXFileReference; explicitFileType = wrapper.cfbundle; includeInIndex = 0; path = SwiftUITest_ImageUITests.xctest; sourceTree = BUILT_PRODUCTS_DIR; };
		1D495A432877C77A00CE0FBA /* SwiftUITest_ImageUITests.swift */ = {isa = PBXFileReference; lastKnownFileType = sourcecode.swift; path = SwiftUITest_ImageUITests.swift; sourceTree = "<group>"; };
		1D495A452877C77A00CE0FBA /* SwiftUITest_ImageUITestsLaunchTests.swift */ = {isa = PBXFileReference; lastKnownFileType = sourcecode.swift; path = SwiftUITest_ImageUITestsLaunchTests.swift; sourceTree = "<group>"; };
/* End PBXFileReference section */

/* Begin PBXFrameworksBuildPhase section */
		1D495A222877C77900CE0FBA /* Frameworks */ = {
			isa = PBXFrameworksBuildPhase;
			buildActionMask = 2147483647;
			files = (
			);
			runOnlyForDeploymentPostprocessing = 0;
		};
		1D495A322877C77A00CE0FBA /* Frameworks */ = {
			isa = PBXFrameworksBuildPhase;
			buildActionMask = 2147483647;
			files = (
			);
			runOnlyForDeploymentPostprocessing = 0;
		};
		1D495A3C2877C77A00CE0FBA /* Frameworks */ = {
			isa = PBXFrameworksBuildPhase;
			buildActionMask = 2147483647;
			files = (
			);
			runOnlyForDeploymentPostprocessing = 0;
		};
/* End PBXFrameworksBuildPhase section */

/* Begin PBXGroup section */
		1D495A1C2877C77900CE0FBA = {
			isa = PBXGroup;
			children = (
				1D495A272877C77900CE0FBA /* SwiftUITest_Image */,
				1D495A382877C77A00CE0FBA /* SwiftUITest_ImageTests */,
				1D495A422877C77A00CE0FBA /* SwiftUITest_ImageUITests */,
				1D495A262877C77900CE0FBA /* Products */,
			);
			sourceTree = "<group>";
		};
		1D495A262877C77900CE0FBA /* Products */ = {
			isa = PBXGroup;
			children = (
				1D495A252877C77900CE0FBA /* SwiftUITest_Image.app */,
				1D495A352877C77A00CE0FBA /* SwiftUITest_ImageTests.xctest */,
				1D495A3F2877C77A00CE0FBA /* SwiftUITest_ImageUITests.xctest */,
			);
			name = Products;
			sourceTree = "<group>";
		};
		1D495A272877C77900CE0FBA /* SwiftUITest_Image */ = {
			isa = PBXGroup;
			children = (
				1D495A282877C77900CE0FBA /* SwiftUITest_ImageApp.swift */,
				1D495A2A2877C77900CE0FBA /* ContentView.swift */,
				1D495A2C2877C77A00CE0FBA /* Assets.xcassets */,
				1D495A2E2877C77A00CE0FBA /* Preview Content */,
			);
			path = SwiftUITest_Image;
			sourceTree = "<group>";
		};
		1D495A2E2877C77A00CE0FBA /* Preview Content */ = {
			isa = PBXGroup;
			children = (
				1D495A2F2877C77A00CE0FBA /* Preview Assets.xcassets */,
			);
			path = "Preview Content";
			sourceTree = "<group>";
		};
		1D495A382877C77A00CE0FBA /* SwiftUITest_ImageTests */ = {
			isa = PBXGroup;
			children = (
				1D495A392877C77A00CE0FBA /* SwiftUITest_ImageTests.swift */,
			);
			path = SwiftUITest_ImageTests;
			sourceTree = "<group>";
		};
		1D495A422877C77A00CE0FBA /* SwiftUITest_ImageUITests */ = {
			isa = PBXGroup;
			children = (
				1D495A432877C77A00CE0FBA /* SwiftUITest_ImageUITests.swift */,
				1D495A452877C77A00CE0FBA /* SwiftUITest_ImageUITestsLaunchTests.swift */,
			);
			path = SwiftUITest_ImageUITests;
			sourceTree = "<group>";
		};
/* End PBXGroup section */

/* Begin PBXNativeTarget section */
		1D495A242877C77900CE0FBA /* SwiftUITest_Image */ = {
			isa = PBXNativeTarget;
			buildConfigurationList = 1D495A492877C77A00CE0FBA /* Build configuration list for PBXNativeTarget "SwiftUITest_Image" */;
			buildPhases = (
				1D495A212877C77900CE0FBA /* Sources */,
				1D495A222877C77900CE0FBA /* Frameworks */,
				1D495A232877C77900CE0FBA /* Resources */,
			);
			buildRules = (
			);
			dependencies = (
			);
			name = SwiftUITest_Image;
			productName = SwiftUITest_Image;
			productReference = 1D495A252877C77900CE0FBA /* SwiftUITest_Image.app */;
			productType = "com.apple.product-type.application";
		};
		1D495A342877C77A00CE0FBA /* SwiftUITest_ImageTests */ = {
			isa = PBXNativeTarget;
			buildConfigurationList = 1D495A4C2877C77A00CE0FBA /* Build configuration list for PBXNativeTarget "SwiftUITest_ImageTests" */;
			buildPhases = (
				1D495A312877C77A00CE0FBA /* Sources */,
				1D495A322877C77A00CE0FBA /* Frameworks */,
				1D495A332877C77A00CE0FBA /* Resources */,
			);
			buildRules = (
			);
			dependencies = (
				1D495A372877C77A00CE0FBA /* PBXTargetDependency */,
			);
			name = SwiftUITest_ImageTests;
			productName = SwiftUITest_ImageTests;
			productReference = 1D495A352877C77A00CE0FBA /* SwiftUITest_ImageTests.xctest */;
			productType = "com.apple.product-type.bundle.unit-test";
		};
		1D495A3E2877C77A00CE0FBA /* SwiftUITest_ImageUITests */ = {
			isa = PBXNativeTarget;
			buildConfigurationList = 1D495A4F2877C77A00CE0FBA /* Build configuration list for PBXNativeTarget "SwiftUITest_ImageUITests" */;
			buildPhases = (
				1D495A3B2877C77A00CE0FBA /* Sources */,
				1D495A3C2877C77A00CE0FBA /* Frameworks */,
				1D495A3D2877C77A00CE0FBA /* Resources */,
			);
			buildRules = (
			);
			dependencies = (
				1D495A412877C77A00CE0FBA /* PBXTargetDependency */,
			);
			name = SwiftUITest_ImageUITests;
			productName = SwiftUITest_ImageUITests;
			productReference = 1D495A3F2877C77A00CE0FBA /* SwiftUITest_ImageUITests.xctest */;
			productType = "com.apple.product-type.bundle.ui-testing";
		};
/* End PBXNativeTarget section */

/* Begin PBXProject section */
		1D495A1D2877C77900CE0FBA /* Project object */ = {
			isa = PBXProject;
			attributes = {
				BuildIndependentTargetsInParallel = 1;
				LastSwiftUpdateCheck = 1340;
				LastUpgradeCheck = 1340;
				TargetAttributes = {
					1D495A242877C77900CE0FBA = {
						CreatedOnToolsVersion = 13.4.1;
					};
					1D495A342877C77A00CE0FBA = {
						CreatedOnToolsVersion = 13.4.1;
						TestTargetID = 1D495A242877C77900CE0FBA;
					};
					1D495A3E2877C77A00CE0FBA = {
						CreatedOnToolsVersion = 13.4.1;
						TestTargetID = 1D495A242877C77900CE0FBA;
					};
				};
			};
			buildConfigurationList = 1D495A202877C77900CE0FBA /* Build configuration list for PBXProject "SwiftUITest_Image" */;
			compatibilityVersion = "Xcode 13.0";
			developmentRegion = en;
			hasScannedForEncodings = 0;
			knownRegions = (
				en,
				Base,
			);
			mainGroup = 1D495A1C2877C77900CE0FBA;
			productRefGroup = 1D495A262877C77900CE0FBA /* Products */;
			projectDirPath = "";
			projectRoot = "";
			targets = (
				1D495A242877C77900CE0FBA /* SwiftUITest_Image */,
				1D495A342877C77A00CE0FBA /* SwiftUITest_ImageTests */,
				1D495A3E2877C77A00CE0FBA /* SwiftUITest_ImageUITests */,
			);
		};
/* End PBXProject section */

/* Begin PBXResourcesBuildPhase section */
		1D495A232877C77900CE0FBA /* Resources */ = {
			isa = PBXResourcesBuildPhase;
			buildActionMask = 2147483647;
			files = (
				1D495A302877C77A00CE0FBA /* Preview Assets.xcassets in Resources */,
				1D495A2D2877C77A00CE0FBA /* Assets.xcassets in Resources */,
			);
			runOnlyForDeploymentPostprocessing = 0;
		};
		1D495A332877C77A00CE0FBA /* Resources */ = {
			isa = PBXResourcesBuildPhase;
			buildActionMask = 2147483647;
			files = (
			);
			runOnlyForDeploymentPostprocessing = 0;
		};
		1D495A3D2877C77A00CE0FBA /* Resources */ = {
			isa = PBXResourcesBuildPhase;
			buildActionMask = 2147483647;
			files = (
			);
			runOnlyForDeploymentPostprocessing = 0;
		};
/* End PBXResourcesBuildPhase section */

/* Begin PBXSourcesBuildPhase section */
		1D495A212877C77900CE0FBA /* Sources */ = {
			isa = PBXSourcesBuildPhase;
			buildActionMask = 2147483647;
			files = (
				1D495A2B2877C77900CE0FBA /* ContentView.swift in Sources */,
				1D495A292877C77900CE0FBA /* SwiftUITest_ImageApp.swift in Sources */,
			);
			runOnlyForDeploymentPostprocessing = 0;
		};
		1D495A312877C77A00CE0FBA /* Sources */ = {
			isa = PBXSourcesBuildPhase;
			buildActionMask = 2147483647;
			files = (
				1D495A3A2877C77A00CE0FBA /* SwiftUITest_ImageTests.swift in Sources */,
			);
			runOnlyForDeploymentPostprocessing = 0;
		};
		1D495A3B2877C77A00CE0FBA /* Sources */ = {
			isa = PBXSourcesBuildPhase;
			buildActionMask = 2147483647;
			files = (
				1D495A462877C77A00CE0FBA /* SwiftUITest_ImageUITestsLaunchTests.swift in Sources */,
				1D495A442877C77A00CE0FBA /* SwiftUITest_ImageUITests.swift in Sources */,
			);
			runOnlyForDeploymentPostprocessing = 0;
		};
/* End PBXSourcesBuildPhase section */

/* Begin PBXTargetDependency section */
		1D495A372877C77A00CE0FBA /* PBXTargetDependency */ = {
			isa = PBXTargetDependency;
			target = 1D495A242877C77900CE0FBA /* SwiftUITest_Image */;
			targetProxy = 1D495A362877C77A00CE0FBA /* PBXContainerItemProxy */;
		};
		1D495A412877C77A00CE0FBA /* PBXTargetDependency */ = {
			isa = PBXTargetDependency;
			target = 1D495A242877C77900CE0FBA /* SwiftUITest_Image */;
			targetProxy = 1D495A402877C77A00CE0FBA /* PBXContainerItemProxy */;
		};
/* End PBXTargetDependency section */

/* Begin XCBuildConfiguration section */
		1D495A472877C77A00CE0FBA /* Debug */ = {
			isa = XCBuildConfiguration;
			buildSettings = {
				ALWAYS_SEARCH_USER_PATHS = NO;
				CLANG_ANALYZER_NONNULL = YES;
				CLANG_ANALYZER_NUMBER_OBJECT_CONVERSION = YES_AGGRESSIVE;
				CLANG_CXX_LANGUAGE_STANDARD = "gnu++17";
				CLANG_ENABLE_MODULES = YES;
				CLANG_ENABLE_OBJC_ARC = YES;
				CLANG_ENABLE_OBJC_WEAK = YES;
				CLANG_WARN_BLOCK_CAPTURE_AUTORELEASING = YES;
				CLANG_WARN_BOOL_CONVERSION = YES;
				CLANG_WARN_COMMA = YES;
				CLANG_WARN_CONSTANT_CONVERSION = YES;
				CLANG_WARN_DEPRECATED_OBJC_IMPLEMENTATIONS = YES;
				CLANG_WARN_DIRECT_OBJC_ISA_USAGE = YES_ERROR;
				CLANG_WARN_DOCUMENTATION_COMMENTS = YES;
				CLANG_WARN_EMPTY_BODY = YES;
				CLANG_WARN_ENUM_CONVERSION = YES;
				CLANG_WARN_INFINITE_RECURSION = YES;
				CLANG_WARN_INT_CONVERSION = YES;
				CLANG_WARN_NON_LITERAL_NULL_CONVERSION = YES;
				CLANG_WARN_OBJC_IMPLICIT_RETAIN_SELF = YES;
				CLANG_WARN_OBJC_LITERAL_CONVERSION = YES;
				CLANG_WARN_OBJC_ROOT_CLASS = YES_ERROR;
				CLANG_WARN_QUOTED_INCLUDE_IN_FRAMEWORK_HEADER = YES;
				CLANG_WARN_RANGE_LOOP_ANALYSIS = YES;
				CLANG_WARN_STRICT_PROTOTYPES = YES;
				CLANG_WARN_SUSPICIOUS_MOVE = YES;
				CLANG_WARN_UNGUARDED_AVAILABILITY = YES_AGGRESSIVE;
				CLANG_WARN_UNREACHABLE_CODE = YES;
				CLANG_WARN__DUPLICATE_METHOD_MATCH = YES;
				COPY_PHASE_STRIP = NO;
				DEBUG_INFORMATION_FORMAT = dwarf;
				ENABLE_STRICT_OBJC_MSGSEND = YES;
				ENABLE_TESTABILITY = YES;
				GCC_C_LANGUAGE_STANDARD = gnu11;
				GCC_DYNAMIC_NO_PIC = NO;
				GCC_NO_COMMON_BLOCKS = YES;
				GCC_OPTIMIZATION_LEVEL = 0;
				GCC_PREPROCESSOR_DEFINITIONS = (
					"DEBUG=1",
					"$(inherited)",
				);
				GCC_WARN_64_TO_32_BIT_CONVERSION = YES;
				GCC_WARN_ABOUT_RETURN_TYPE = YES_ERROR;
				GCC_WARN_UNDECLARED_SELECTOR = YES;
				GCC_WARN_UNINITIALIZED_AUTOS = YES_AGGRESSIVE;
				GCC_WARN_UNUSED_FUNCTION = YES;
				GCC_WARN_UNUSED_VARIABLE = YES;
				IPHONEOS_DEPLOYMENT_TARGET = 15.5;
				MTL_ENABLE_DEBUG_INFO = INCLUDE_SOURCE;
				MTL_FAST_MATH = YES;
				ONLY_ACTIVE_ARCH = YES;
				SDKROOT = iphoneos;
				SWIFT_ACTIVE_COMPILATION_CONDITIONS = DEBUG;
				SWIFT_OPTIMIZATION_LEVEL = "-Onone";
			};
			name = Debug;
		};
		1D495A482877C77A00CE0FBA /* Release */ = {
			isa = XCBuildConfiguration;
			buildSettings = {
				ALWAYS_SEARCH_USER_PATHS = NO;
				CLANG_ANALYZER_NONNULL = YES;
				CLANG_ANALYZER_NUMBER_OBJECT_CONVERSION = YES_AGGRESSIVE;
				CLANG_CXX_LANGUAGE_STANDARD = "gnu++17";
				CLANG_ENABLE_MODULES = YES;
				CLANG_ENABLE_OBJC_ARC = YES;
				CLANG_ENABLE_OBJC_WEAK = YES;
				CLANG_WARN_BLOCK_CAPTURE_AUTORELEASING = YES;
				CLANG_WARN_BOOL_CONVERSION = YES;
				CLANG_WARN_COMMA = YES;
				CLANG_WARN_CONSTANT_CONVERSION = YES;
				CLANG_WARN_DEPRECATED_OBJC_IMPLEMENTATIONS = YES;
				CLANG_WARN_DIRECT_OBJC_ISA_USAGE = YES_ERROR;
				CLANG_WARN_DOCUMENTATION_COMMENTS = YES;
				CLANG_WARN_EMPTY_BODY = YES;
				CLANG_WARN_ENUM_CONVERSION = YES;
				CLANG_WARN_INFINITE_RECURSION = YES;
				CLANG_WARN_INT_CONVERSION = YES;
				CLANG_WARN_NON_LITERAL_NULL_CONVERSION = YES;
				CLANG_WARN_OBJC_IMPLICIT_RETAIN_SELF = YES;
				CLANG_WARN_OBJC_LITERAL_CONVERSION = YES;
				CLANG_WARN_OBJC_ROOT_CLASS = YES_ERROR;
				CLANG_WARN_QUOTED_INCLUDE_IN_FRAMEWORK_HEADER = YES;
				CLANG_WARN_RANGE_LOOP_ANALYSIS = YES;
				CLANG_WARN_STRICT_PROTOTYPES = YES;
				CLANG_WARN_SUSPICIOUS_MOVE = YES;
				CLANG_WARN_UNGUARDED_AVAILABILITY = YES_AGGRESSIVE;
				CLANG_WARN_UNREACHABLE_CODE = YES;
				CLANG_WARN__DUPLICATE_METHOD_MATCH = YES;
				COPY_PHASE_STRIP = NO;
				DEBUG_INFORMATION_FORMAT = "dwarf-with-dsym";
				ENABLE_NS_ASSERTIONS = NO;
				ENABLE_STRICT_OBJC_MSGSEND = YES;
				GCC_C_LANGUAGE_STANDARD = gnu11;
				GCC_NO_COMMON_BLOCKS = YES;
				GCC_WARN_64_TO_32_BIT_CONVERSION = YES;
				GCC_WARN_ABOUT_RETURN_TYPE = YES_ERROR;
				GCC_WARN_UNDECLARED_SELECTOR = YES;
				GCC_WARN_UNINITIALIZED_AUTOS = YES_AGGRESSIVE;
				GCC_WARN_UNUSED_FUNCTION = YES;
				GCC_WARN_UNUSED_VARIABLE = YES;
				IPHONEOS_DEPLOYMENT_TARGET = 15.5;
				MTL_ENABLE_DEBUG_INFO = NO;
				MTL_FAST_MATH = YES;
				SDKROOT = iphoneos;
				SWIFT_COMPILATION_MODE = wholemodule;
				SWIFT_OPTIMIZATION_LEVEL = "-O";
				VALIDATE_PRODUCT = YES;
			};
			name = Release;
		};
		1D495A4A2877C77A00CE0FBA /* Debug */ = {
			isa = XCBuildConfiguration;
			buildSettings = {
				ASSETCATALOG_COMPILER_APPICON_NAME = AppIcon;
				ASSETCATALOG_COMPILER_GLOBAL_ACCENT_COLOR_NAME = AccentColor;
				CODE_SIGN_STYLE = Automatic;
				CURRENT_PROJECT_VERSION = 1;
				DEVELOPMENT_ASSET_PATHS = "\"SwiftUITest_Image/Preview Content\"";
				DEVELOPMENT_TEAM = 56A3CKG4X2;
				ENABLE_PREVIEWS = YES;
				GENERATE_INFOPLIST_FILE = YES;
				INFOPLIST_KEY_UIApplicationSceneManifest_Generation = YES;
				INFOPLIST_KEY_UIApplicationSupportsIndirectInputEvents = YES;
				INFOPLIST_KEY_UILaunchScreen_Generation = YES;
				INFOPLIST_KEY_UISupportedInterfaceOrientations_iPad = "UIInterfaceOrientationPortrait UIInterfaceOrientationPortraitUpsideDown UIInterfaceOrientationLandscapeLeft UIInterfaceOrientationLandscapeRight";
				INFOPLIST_KEY_UISupportedInterfaceOrientations_iPhone = "UIInterfaceOrientationPortrait UIInterfaceOrientationLandscapeLeft UIInterfaceOrientationLandscapeRight";
				LD_RUNPATH_SEARCH_PATHS = (
					"$(inherited)",
					"@executable_path/Frameworks",
				);
				MARKETING_VERSION = 1.0;
				PRODUCT_BUNDLE_IDENTIFIER = "com.rick.SwiftUITest-Image";
				PRODUCT_NAME = "$(TARGET_NAME)";
				SWIFT_EMIT_LOC_STRINGS = YES;
				SWIFT_VERSION = 5.0;
				TARGETED_DEVICE_FAMILY = "1,2";
			};
			name = Debug;
		};
		1D495A4B2877C77A00CE0FBA /* Release */ = {
			isa = XCBuildConfiguration;
			buildSettings = {
				ASSETCATALOG_COMPILER_APPICON_NAME = AppIcon;
				ASSETCATALOG_COMPILER_GLOBAL_ACCENT_COLOR_NAME = AccentColor;
				CODE_SIGN_STYLE = Automatic;
				CURRENT_PROJECT_VERSION = 1;
				DEVELOPMENT_ASSET_PATHS = "\"SwiftUITest_Image/Preview Content\"";
				DEVELOPMENT_TEAM = 56A3CKG4X2;
				ENABLE_PREVIEWS = YES;
				GENERATE_INFOPLIST_FILE = YES;
				INFOPLIST_KEY_UIApplicationSceneManifest_Generation = YES;
				INFOPLIST_KEY_UIApplicationSupportsIndirectInputEvents = YES;
				INFOPLIST_KEY_UILaunchScreen_Generation = YES;
				INFOPLIST_KEY_UISupportedInterfaceOrientations_iPad = "UIInterfaceOrientationPortrait UIInterfaceOrientationPortraitUpsideDown UIInterfaceOrientationLandscapeLeft UIInterfaceOrientationLandscapeRight";
				INFOPLIST_KEY_UISupportedInterfaceOrientations_iPhone = "UIInterfaceOrientationPortrait UIInterfaceOrientationLandscapeLeft UIInterfaceOrientationLandscapeRight";
				LD_RUNPATH_SEARCH_PATHS = (
					"$(inherited)",
					"@executable_path/Frameworks",
				);
				MARKETING_VERSION = 1.0;
				PRODUCT_BUNDLE_IDENTIFIER = "com.rick.SwiftUITest-Image";
				PRODUCT_NAME = "$(TARGET_NAME)";
				SWIFT_EMIT_LOC_STRINGS = YES;
				SWIFT_VERSION = 5.0;
				TARGETED_DEVICE_FAMILY = "1,2";
			};
			name = Release;
		};
		1D495A4D2877C77A00CE0FBA /* Debug */ = {
			isa = XCBuildConfiguration;
			buildSettings = {
				ALWAYS_EMBED_SWIFT_STANDARD_LIBRARIES = YES;
				BUNDLE_LOADER = "$(TEST_HOST)";
				CODE_SIGN_STYLE = Automatic;
				CURRENT_PROJECT_VERSION = 1;
				DEVELOPMENT_TEAM = 56A3CKG4X2;
				GENERATE_INFOPLIST_FILE = YES;
				IPHONEOS_DEPLOYMENT_TARGET = 15.5;
				MARKETING_VERSION = 1.0;
				PRODUCT_BUNDLE_IDENTIFIER = "com.rick.SwiftUITest-ImageTests";
				PRODUCT_NAME = "$(TARGET_NAME)";
				SWIFT_EMIT_LOC_STRINGS = NO;
				SWIFT_VERSION = 5.0;
				TARGETED_DEVICE_FAMILY = "1,2";
				TEST_HOST = "$(BUILT_PRODUCTS_DIR)/SwiftUITest_Image.app/SwiftUITest_Image";
			};
			name = Debug;
		};
		1D495A4E2877C77A00CE0FBA /* Release */ = {
			isa = XCBuildConfiguration;
			buildSettings = {
				ALWAYS_EMBED_SWIFT_STANDARD_LIBRARIES = YES;
				BUNDLE_LOADER = "$(TEST_HOST)";
				CODE_SIGN_STYLE = Automatic;
				CURRENT_PROJECT_VERSION = 1;
				DEVELOPMENT_TEAM = 56A3CKG4X2;
				GENERATE_INFOPLIST_FILE = YES;
				IPHONEOS_DEPLOYMENT_TARGET = 15.5;
				MARKETING_VERSION = 1.0;
				PRODUCT_BUNDLE_IDENTIFIER = "com.rick.SwiftUITest-ImageTests";
				PRODUCT_NAME = "$(TARGET_NAME)";
				SWIFT_EMIT_LOC_STRINGS = NO;
				SWIFT_VERSION = 5.0;
				TARGETED_DEVICE_FAMILY = "1,2";
				TEST_HOST = "$(BUILT_PRODUCTS_DIR)/SwiftUITest_Image.app/SwiftUITest_Image";
			};
			name = Release;
		};
		1D495A502877C77A00CE0FBA /* Debug */ = {
			isa = XCBuildConfiguration;
			buildSettings = {
				ALWAYS_EMBED_SWIFT_STANDARD_LIBRARIES = YES;
				CODE_SIGN_STYLE = Automatic;
				CURRENT_PROJECT_VERSION = 1;
				DEVELOPMENT_TEAM = 56A3CKG4X2;
				GENERATE_INFOPLIST_FILE = YES;
				MARKETING_VERSION = 1.0;
				PRODUCT_BUNDLE_IDENTIFIER = "com.rick.SwiftUITest-ImageUITests";
				PRODUCT_NAME = "$(TARGET_NAME)";
				SWIFT_EMIT_LOC_STRINGS = NO;
				SWIFT_VERSION = 5.0;
				TARGETED_DEVICE_FAMILY = "1,2";
				TEST_TARGET_NAME = SwiftUITest_Image;
			};
			name = Debug;
		};
		1D495A512877C77A00CE0FBA /* Release */ = {
			isa = XCBuildConfiguration;
			buildSettings = {
				ALWAYS_EMBED_SWIFT_STANDARD_LIBRARIES = YES;
				CODE_SIGN_STYLE = Automatic;
				CURRENT_PROJECT_VERSION = 1;
				DEVELOPMENT_TEAM = 56A3CKG4X2;
				GENERATE_INFOPLIST_FILE = YES;
				MARKETING_VERSION = 1.0;
				PRODUCT_BUNDLE_IDENTIFIER = "com.rick.SwiftUITest-ImageUITests";
				PRODUCT_NAME = "$(TARGET_NAME)";
				SWIFT_EMIT_LOC_STRINGS = NO;
				SWIFT_VERSION = 5.0;
				TARGETED_DEVICE_FAMILY = "1,2";
				TEST_TARGET_NAME = SwiftUITest_Image;
			};
			name = Release;
		};
/* End XCBuildConfiguration section */

/* Begin XCConfigurationList section */
		1D495A202877C77900CE0FBA /* Build configuration list for PBXProject "SwiftUITest_Image" */ = {
			isa = XCConfigurationList;
			buildConfigurations = (
				1D495A472877C77A00CE0FBA /* Debug */,
				1D495A482877C77A00CE0FBA /* Release */,
			);
			defaultConfigurationIsVisible = 0;
			defaultConfigurationName = Release;
		};
		1D495A492877C77A00CE0FBA /* Build configuration list for PBXNativeTarget "SwiftUITest_Image" */ = {
			isa = XCConfigurationList;
			buildConfigurations = (
				1D495A4A2877C77A00CE0FBA /* Debug */,
				1D495A4B2877C77A00CE0FBA /* Release */,
			);
			defaultConfigurationIsVisible = 0;
			defaultConfigurationName = Release;
		};
		1D495A4C2877C77A00CE0FBA /* Build configuration list for PBXNativeTarget "SwiftUITest_ImageTests" */ = {
			isa = XCConfigurationList;
			buildConfigurations = (
				1D495A4D2877C77A00CE0FBA /* Debug */,
				1D495A4E2877C77A00CE0FBA /* Release */,
			);
			defaultConfigurationIsVisible = 0;
			defaultConfigurationName = Release;
		};
		1D495A4F2877C77A00CE0FBA /* Build configuration list for PBXNativeTarget "SwiftUITest_ImageUITests" */ = {
			isa = XCConfigurationList;
			buildConfigurations = (
				1D495A502877C77A00CE0FBA /* Debug */,
				1D495A512877C77A00CE0FBA /* Release */,
			);
			defaultConfigurationIsVisible = 0;
			defaultConfigurationName = Release;
		};
/* End XCConfigurationList section */
	};
	rootObject = 1D495A1D2877C77900CE0FBA /* Project object */;
}
